
Microsoft Visual Studio Solution File, Format Version 12.00
# Visual Studio Version 17
VisualStudioVersion = 17.4.33213.308
MinimumVisualStudioVersion = 10.0.40219.1
Project("{FAE04EC0-301F-11D3-BF4B-00C04F79EFBC}") = "Lab3 Interfaces and abstract classes", "Lab3 Interfaces and abstract classes\Lab3 Interfaces and abstract classes.csproj", "{3C407D8F-128F-4B4D-9B74-EB533E5AF76D}"
EndProject
Global
	GlobalSection(SolutionConfigurationPlatforms) = preSolution
		Debug|Any CPU = Debug|Any CPU
		Release|Any CPU = Release|Any CPU
	EndGlobalSection
	GlobalSection(ProjectConfigurationPlatforms) = postSolution
		{3C407D8F-128F-4B4D-9B74-EB533E5AF76D}.Debug|Any CPU.ActiveCfg = Debug|Any CPU
		{3C407D8F-128F-4B4D-9B74-EB533E5AF76D}.Debug|Any CPU.Build.0 = Debug|Any CPU
		{3C407D8F-128F-4B4D-9B74-EB533E5AF76D}.Release|Any CPU.ActiveCfg = Release|Any CPU
		{3C407D8F-128F-4B4D-9B74-EB533E5AF76D}.Release|Any CPU.Build.0 = Release|Any CPU
	EndGlobalSection
	GlobalSection(SolutionProperties) = preSolution
		HideSolutionNode = FALSE
	EndGlobalSection
	GlobalSection(ExtensibilityGlobals) = postSolution
		SolutionGuid = {C2064C75-E455-40A8-8CE1-74AC9903B2DC}
	EndGlobalSection
EndGlobal
